
Microsoft Visual Studio Solution File, Format Version 12.00
# Visual Studio Version 17
VisualStudioVersion = 17.0.32014.148
MinimumVisualStudioVersion = 10.0.40219.1
Project("{9A19103F-16F7-4668-BE54-9A1E7A4F7556}") = "Applied_WebApplication", "Applied_WebApplication\Applied_WebApplication.csproj", "{EBD0880E-0CCC-444E-BE2C-2C10ECCD1C06}"
EndProject
Project("{2150E333-8FDC-42A3-9474-1A3956D46DE8}") = "Solution Items", "Solution Items", "{3C285E5A-3066-4462-94A8-809E27A27126}"
	ProjectSection(SolutionItems) = preProject
		.editorconfig = .editorconfig
	EndProjectSection
EndProject
Global
	GlobalSection(SolutionConfigurationPlatforms) = preSolution
		Debug|Any CPU = Debug|Any CPU
		Release|Any CPU = Release|Any CPU
	EndGlobalSection
	GlobalSection(ProjectConfigurationPlatforms) = postSolution
		{EBD0880E-0CCC-444E-BE2C-2C10ECCD1C06}.Debug|Any CPU.ActiveCfg = Debug|Any CPU
		{EBD0880E-0CCC-444E-BE2C-2C10ECCD1C06}.Debug|Any CPU.Build.0 = Debug|Any CPU
		{EBD0880E-0CCC-444E-BE2C-2C10ECCD1C06}.Release|Any CPU.ActiveCfg = Release|Any CPU
		{EBD0880E-0CCC-444E-BE2C-2C10ECCD1C06}.Release|Any CPU.Build.0 = Release|Any CPU
	EndGlobalSection
	GlobalSection(SolutionProperties) = preSolution
		HideSolutionNode = FALSE
	EndGlobalSection
	GlobalSection(ExtensibilityGlobals) = postSolution
		SolutionGuid = {30B16A4C-341A-4389-AD16-B3C39AA7B461}
	EndGlobalSection
EndGlobal
